// !$*UTF8*$!
{
	archiveVersion = 1;
	classes = {
	};
	objectVersion = 50;
	objects = {

/* Begin PBXBuildFile section */
		7601A0AC21A4B60000DBF9F0 /* EditingNoteViewController.swift in Sources */ = {isa = PBXBuildFile; fileRef = 7601A0AB21A4B60000DBF9F0 /* EditingNoteViewController.swift */; };
		7605F91C21B2E62800709DB4 /* SettingsViewController.swift in Sources */ = {isa = PBXBuildFile; fileRef = 7605F91B21B2E62800709DB4 /* SettingsViewController.swift */; };
		7605F92321B2F95000709DB4 /* DiaryNote.swift in Sources */ = {isa = PBXBuildFile; fileRef = 7605F92221B2F95000709DB4 /* DiaryNote.swift */; };
		7605F92821B3285000709DB4 /* Extensions.swift in Sources */ = {isa = PBXBuildFile; fileRef = 7605F92721B3285000709DB4 /* Extensions.swift */; };
		7605F92A21B3298200709DB4 /* ThemeProtocol.swift in Sources */ = {isa = PBXBuildFile; fileRef = 7605F92921B3298200709DB4 /* ThemeProtocol.swift */; };
		7605F92E21B32B7300709DB4 /* LightTheme.swift in Sources */ = {isa = PBXBuildFile; fileRef = 7605F92D21B32B7300709DB4 /* LightTheme.swift */; };
		7605F93021B32C1800709DB4 /* DarkTheme.swift in Sources */ = {isa = PBXBuildFile; fileRef = 7605F92F21B32C1800709DB4 /* DarkTheme.swift */; };
		760EBE0221AB3AFE0095EF42 /* TableViewCell.swift in Sources */ = {isa = PBXBuildFile; fileRef = 760EBE0121AB3AFE0095EF42 /* TableViewCell.swift */; };
		767385AD21B5F23A00BBA2FC /* RootViewController.swift in Sources */ = {isa = PBXBuildFile; fileRef = 767385AC21B5F23A00BBA2FC /* RootViewController.swift */; };
		769ED0D621CA4A68004ACC75 /* CodableNote.swift in Sources */ = {isa = PBXBuildFile; fileRef = 769ED0D521CA4A68004ACC75 /* CodableNote.swift */; };
		76A9E0E921CE3DF400051D61 /* document.json in Resources */ = {isa = PBXBuildFile; fileRef = 76A9E0E821CE3DF400051D61 /* document.json */; };
		76AC7BDE21C93D54008193C4 /* NetworkingService.swift in Sources */ = {isa = PBXBuildFile; fileRef = 76AC7BDD21C93D54008193C4 /* NetworkingService.swift */; };
		76CB699421A33D8A00D5208E /* AppDelegate.swift in Sources */ = {isa = PBXBuildFile; fileRef = 76CB699321A33D8A00D5208E /* AppDelegate.swift */; };
		76CB699621A33D8A00D5208E /* ViewController.swift in Sources */ = {isa = PBXBuildFile; fileRef = 76CB699521A33D8A00D5208E /* ViewController.swift */; };
		76CB699C21A33D8A00D5208E /* Diary.xcdatamodeld in Sources */ = {isa = PBXBuildFile; fileRef = 76CB699A21A33D8A00D5208E /* Diary.xcdatamodeld */; };
		76CB699E21A33D8A00D5208E /* Assets.xcassets in Resources */ = {isa = PBXBuildFile; fileRef = 76CB699D21A33D8A00D5208E /* Assets.xcassets */; };
		76CB69A121A33D8A00D5208E /* LaunchScreen.storyboard in Resources */ = {isa = PBXBuildFile; fileRef = 76CB699F21A33D8A00D5208E /* LaunchScreen.storyboard */; };
		76CB69AD21A35C2E00D5208E /* CreationViewController.swift in Sources */ = {isa = PBXBuildFile; fileRef = 76CB69AC21A35C2E00D5208E /* CreationViewController.swift */; };
		8C95A4AB86233F62B1C16684 /* Pods_Diary.framework in Frameworks */ = {isa = PBXBuildFile; fileRef = B261C4718A596040287E54B2 /* Pods_Diary.framework */; };
		9E3853D821B4427000269923 /* CollectionViewCell-Layout.swift in Sources */ = {isa = PBXBuildFile; fileRef = 9E3853D721B4427000269923 /* CollectionViewCell-Layout.swift */; };
		9E4DF6C121D11DCD00E28B7C /* PageViewController.swift in Sources */ = {isa = PBXBuildFile; fileRef = 9E4DF6C021D11DCD00E28B7C /* PageViewController.swift */; };
		9E4DF6C321D2083300E28B7C /* User.swift in Sources */ = {isa = PBXBuildFile; fileRef = 9E4DF6C221D2083300E28B7C /* User.swift */; };
		9E4DF6C521D3949A00E28B7C /* SignUpViewController.swift in Sources */ = {isa = PBXBuildFile; fileRef = 9E4DF6C421D3949A00E28B7C /* SignUpViewController.swift */; };
		9E4DF6C721D3DBE400E28B7C /* SignUpController.swift in Sources */ = {isa = PBXBuildFile; fileRef = 9E4DF6C621D3DBE400E28B7C /* SignUpController.swift */; };
		9E66DA4721D026450084BF17 /* SettingsController.swift in Sources */ = {isa = PBXBuildFile; fileRef = 9E66DA4621D026450084BF17 /* SettingsController.swift */; };
		9E66DA4921D045E40084BF17 /* MainViewController.swift in Sources */ = {isa = PBXBuildFile; fileRef = 9E66DA4821D045E40084BF17 /* MainViewController.swift */; };
		9E66DA4B21D0CA860084BF17 /* CreationController.swift in Sources */ = {isa = PBXBuildFile; fileRef = 9E66DA4A21D0CA860084BF17 /* CreationController.swift */; };
		9E66DA4D21D0CDCF0084BF17 /* EditingController.swift in Sources */ = {isa = PBXBuildFile; fileRef = 9E66DA4C21D0CDCF0084BF17 /* EditingController.swift */; };
		9E66DA4F21D0DF790084BF17 /* RootController.swift in Sources */ = {isa = PBXBuildFile; fileRef = 9E66DA4E21D0DF790084BF17 /* RootController.swift */; };
		9EEF2A5721B5A2070027B5EF /* CoreDataStack.swift in Sources */ = {isa = PBXBuildFile; fileRef = 9EEF2A5621B5A2070027B5EF /* CoreDataStack.swift */; };
		9EEF2A5C21B5D76A0027B5EF /* Main.storyboard in Resources */ = {isa = PBXBuildFile; fileRef = 9EEF2A5B21B5D76A0027B5EF /* Main.storyboard */; };
/* End PBXBuildFile section */

/* Begin PBXFileReference section */
		51E140A23DA34FB3774926C8 /* Pods-Diary.debug.xcconfig */ = {isa = PBXFileReference; includeInIndex = 1; lastKnownFileType = text.xcconfig; name = "Pods-Diary.debug.xcconfig"; path = "Pods/Target Support Files/Pods-Diary/Pods-Diary.debug.xcconfig"; sourceTree = "<group>"; };
		7601A0AB21A4B60000DBF9F0 /* EditingNoteViewController.swift */ = {isa = PBXFileReference; lastKnownFileType = sourcecode.swift; path = EditingNoteViewController.swift; sourceTree = "<group>"; };
		7605F91B21B2E62800709DB4 /* SettingsViewController.swift */ = {isa = PBXFileReference; lastKnownFileType = sourcecode.swift; path = SettingsViewController.swift; sourceTree = "<group>"; };
		7605F92221B2F95000709DB4 /* DiaryNote.swift */ = {isa = PBXFileReference; lastKnownFileType = sourcecode.swift; path = DiaryNote.swift; sourceTree = "<group>"; };
		7605F92721B3285000709DB4 /* Extensions.swift */ = {isa = PBXFileReference; lastKnownFileType = sourcecode.swift; path = Extensions.swift; sourceTree = "<group>"; };
		7605F92921B3298200709DB4 /* ThemeProtocol.swift */ = {isa = PBXFileReference; lastKnownFileType = sourcecode.swift; path = ThemeProtocol.swift; sourceTree = "<group>"; };
		7605F92D21B32B7300709DB4 /* LightTheme.swift */ = {isa = PBXFileReference; lastKnownFileType = sourcecode.swift; path = LightTheme.swift; sourceTree = "<group>"; };
		7605F92F21B32C1800709DB4 /* DarkTheme.swift */ = {isa = PBXFileReference; lastKnownFileType = sourcecode.swift; path = DarkTheme.swift; sourceTree = "<group>"; };
		760EBE0121AB3AFE0095EF42 /* TableViewCell.swift */ = {isa = PBXFileReference; lastKnownFileType = sourcecode.swift; path = TableViewCell.swift; sourceTree = "<group>"; };
		767385AC21B5F23A00BBA2FC /* RootViewController.swift */ = {isa = PBXFileReference; lastKnownFileType = sourcecode.swift; path = RootViewController.swift; sourceTree = "<group>"; };
		769ED0D521CA4A68004ACC75 /* CodableNote.swift */ = {isa = PBXFileReference; lastKnownFileType = sourcecode.swift; path = CodableNote.swift; sourceTree = "<group>"; };
		76A9E0E821CE3DF400051D61 /* document.json */ = {isa = PBXFileReference; fileEncoding = 4; lastKnownFileType = text.json; path = document.json; sourceTree = "<group>"; };
		76AC7BDD21C93D54008193C4 /* NetworkingService.swift */ = {isa = PBXFileReference; lastKnownFileType = sourcecode.swift; path = NetworkingService.swift; sourceTree = "<group>"; };
		76CB699021A33D8A00D5208E /* Diary.app */ = {isa = PBXFileReference; explicitFileType = wrapper.application; includeInIndex = 0; path = Diary.app; sourceTree = BUILT_PRODUCTS_DIR; };
		76CB699321A33D8A00D5208E /* AppDelegate.swift */ = {isa = PBXFileReference; lastKnownFileType = sourcecode.swift; path = AppDelegate.swift; sourceTree = "<group>"; };
		76CB699521A33D8A00D5208E /* ViewController.swift */ = {isa = PBXFileReference; lastKnownFileType = sourcecode.swift; path = ViewController.swift; sourceTree = "<group>"; };
		76CB699B21A33D8A00D5208E /* Diary.xcdatamodel */ = {isa = PBXFileReference; lastKnownFileType = wrapper.xcdatamodel; path = Diary.xcdatamodel; sourceTree = "<group>"; };
		76CB699D21A33D8A00D5208E /* Assets.xcassets */ = {isa = PBXFileReference; lastKnownFileType = folder.assetcatalog; path = Assets.xcassets; sourceTree = "<group>"; };
		76CB69A021A33D8A00D5208E /* Base */ = {isa = PBXFileReference; lastKnownFileType = file.storyboard; name = Base; path = Base.lproj/LaunchScreen.storyboard; sourceTree = "<group>"; };
		76CB69A221A33D8A00D5208E /* Info.plist */ = {isa = PBXFileReference; lastKnownFileType = text.plist.xml; path = Info.plist; sourceTree = "<group>"; };
		76CB69AC21A35C2E00D5208E /* CreationViewController.swift */ = {isa = PBXFileReference; lastKnownFileType = sourcecode.swift; path = CreationViewController.swift; sourceTree = "<group>"; };
		853D215392FB53DD841FF026 /* Pods-Diary.release.xcconfig */ = {isa = PBXFileReference; includeInIndex = 1; lastKnownFileType = text.xcconfig; name = "Pods-Diary.release.xcconfig"; path = "Pods/Target Support Files/Pods-Diary/Pods-Diary.release.xcconfig"; sourceTree = "<group>"; };
		9E3853D721B4427000269923 /* CollectionViewCell-Layout.swift */ = {isa = PBXFileReference; lastKnownFileType = sourcecode.swift; path = "CollectionViewCell-Layout.swift"; sourceTree = "<group>"; };
		9E4DF6C021D11DCD00E28B7C /* PageViewController.swift */ = {isa = PBXFileReference; lastKnownFileType = sourcecode.swift; path = PageViewController.swift; sourceTree = "<group>"; };
		9E4DF6C221D2083300E28B7C /* User.swift */ = {isa = PBXFileReference; lastKnownFileType = sourcecode.swift; path = User.swift; sourceTree = "<group>"; };
		9E4DF6C421D3949A00E28B7C /* SignUpViewController.swift */ = {isa = PBXFileReference; lastKnownFileType = sourcecode.swift; path = SignUpViewController.swift; sourceTree = "<group>"; };
		9E4DF6C621D3DBE400E28B7C /* SignUpController.swift */ = {isa = PBXFileReference; lastKnownFileType = sourcecode.swift; path = SignUpController.swift; sourceTree = "<group>"; };
		9E66DA4621D026450084BF17 /* SettingsController.swift */ = {isa = PBXFileReference; lastKnownFileType = sourcecode.swift; path = SettingsController.swift; sourceTree = "<group>"; };
		9E66DA4821D045E40084BF17 /* MainViewController.swift */ = {isa = PBXFileReference; lastKnownFileType = sourcecode.swift; path = MainViewController.swift; sourceTree = "<group>"; };
		9E66DA4A21D0CA860084BF17 /* CreationController.swift */ = {isa = PBXFileReference; lastKnownFileType = sourcecode.swift; path = CreationController.swift; sourceTree = "<group>"; };
		9E66DA4C21D0CDCF0084BF17 /* EditingController.swift */ = {isa = PBXFileReference; lastKnownFileType = sourcecode.swift; path = EditingController.swift; sourceTree = "<group>"; };
		9E66DA4E21D0DF790084BF17 /* RootController.swift */ = {isa = PBXFileReference; lastKnownFileType = sourcecode.swift; path = RootController.swift; sourceTree = "<group>"; };
		9EEF2A5621B5A2070027B5EF /* CoreDataStack.swift */ = {isa = PBXFileReference; lastKnownFileType = sourcecode.swift; path = CoreDataStack.swift; sourceTree = "<group>"; };
		9EEF2A5B21B5D76A0027B5EF /* Main.storyboard */ = {isa = PBXFileReference; lastKnownFileType = file.storyboard; path = Main.storyboard; sourceTree = "<group>"; };
		B261C4718A596040287E54B2 /* Pods_Diary.framework */ = {isa = PBXFileReference; explicitFileType = wrapper.framework; includeInIndex = 0; path = Pods_Diary.framework; sourceTree = BUILT_PRODUCTS_DIR; };
/* End PBXFileReference section */

/* Begin PBXFrameworksBuildPhase section */
		76CB698D21A33D8A00D5208E /* Frameworks */ = {
			isa = PBXFrameworksBuildPhase;
			buildActionMask = 2147483647;
			files = (
				8C95A4AB86233F62B1C16684 /* Pods_Diary.framework in Frameworks */,
			);
			runOnlyForDeploymentPostprocessing = 0;
		};
/* End PBXFrameworksBuildPhase section */

/* Begin PBXGroup section */
		7605F92121B2F8A700709DB4 /* Models */ = {
			isa = PBXGroup;
			children = (
				7605F92221B2F95000709DB4 /* DiaryNote.swift */,
				769ED0D521CA4A68004ACC75 /* CodableNote.swift */,
				9E4DF6C221D2083300E28B7C /* User.swift */,
			);
			path = Models;
			sourceTree = "<group>";
		};
		7605F92521B2FA4A00709DB4 /* Theme */ = {
			isa = PBXGroup;
			children = (
				7605F92921B3298200709DB4 /* ThemeProtocol.swift */,
				7605F92D21B32B7300709DB4 /* LightTheme.swift */,
				7605F92F21B32C1800709DB4 /* DarkTheme.swift */,
			);
			path = Theme;
			sourceTree = "<group>";
		};
		7605F92621B327D100709DB4 /* Extensions */ = {
			isa = PBXGroup;
			children = (
				7605F92721B3285000709DB4 /* Extensions.swift */,
			);
			path = Extensions;
			sourceTree = "<group>";
		};
		76AC7BDC21C93D24008193C4 /* Networking */ = {
			isa = PBXGroup;
			children = (
				76AC7BDD21C93D54008193C4 /* NetworkingService.swift */,
			);
			path = Networking;
			sourceTree = "<group>";
		};
		76BAFEBE21BC1EBC008CF640 /* CellAppearance */ = {
			isa = PBXGroup;
			children = (
				760EBE0121AB3AFE0095EF42 /* TableViewCell.swift */,
				9E3853D721B4427000269923 /* CollectionViewCell-Layout.swift */,
			);
			path = CellAppearance;
			sourceTree = "<group>";
		};
		76CB698721A33D8A00D5208E = {
			isa = PBXGroup;
			children = (
				76CB699221A33D8A00D5208E /* Diary */,
				76CB699121A33D8A00D5208E /* Products */,
				B8F3163AE4D093564C16A4A1 /* Pods */,
				E7411155CA6B9440C910A966 /* Frameworks */,
			);
			sourceTree = "<group>";
		};
		76CB699121A33D8A00D5208E /* Products */ = {
			isa = PBXGroup;
			children = (
				76CB699021A33D8A00D5208E /* Diary.app */,
			);
			name = Products;
			sourceTree = "<group>";
		};
		76CB699221A33D8A00D5208E /* Diary */ = {
			isa = PBXGroup;
			children = (
				7605F92121B2F8A700709DB4 /* Models */,
				9E66DA4521D0262C0084BF17 /* Controllers */,
				9E66DA4421D026040084BF17 /* Views */,
				76A9E0E821CE3DF400051D61 /* document.json */,
				76AC7BDC21C93D24008193C4 /* Networking */,
				76BAFEBE21BC1EBC008CF640 /* CellAppearance */,
				9EEF2A5521B5A1E40027B5EF /* CoreData */,
				7605F92621B327D100709DB4 /* Extensions */,
				7605F92521B2FA4A00709DB4 /* Theme */,
				76CB699321A33D8A00D5208E /* AppDelegate.swift */,
				9EEF2A5B21B5D76A0027B5EF /* Main.storyboard */,
				76CB699D21A33D8A00D5208E /* Assets.xcassets */,
				76CB699F21A33D8A00D5208E /* LaunchScreen.storyboard */,
				76CB69A221A33D8A00D5208E /* Info.plist */,
				76CB699A21A33D8A00D5208E /* Diary.xcdatamodeld */,
			);
			path = Diary;
			sourceTree = "<group>";
		};
		9E66DA4421D026040084BF17 /* Views */ = {
			isa = PBXGroup;
			children = (
				767385AC21B5F23A00BBA2FC /* RootViewController.swift */,
				9E4DF6C421D3949A00E28B7C /* SignUpViewController.swift */,
				9E4DF6C021D11DCD00E28B7C /* PageViewController.swift */,
				76CB699521A33D8A00D5208E /* ViewController.swift */,
				7601A0AB21A4B60000DBF9F0 /* EditingNoteViewController.swift */,
				76CB69AC21A35C2E00D5208E /* CreationViewController.swift */,
				7605F91B21B2E62800709DB4 /* SettingsViewController.swift */,
			);
			path = Views;
			sourceTree = "<group>";
		};
		9E66DA4521D0262C0084BF17 /* Controllers */ = {
			isa = PBXGroup;
			children = (
				9E66DA4621D026450084BF17 /* SettingsController.swift */,
				9E66DA4821D045E40084BF17 /* MainViewController.swift */,
				9E66DA4A21D0CA860084BF17 /* CreationController.swift */,
				9E66DA4C21D0CDCF0084BF17 /* EditingController.swift */,
				9E66DA4E21D0DF790084BF17 /* RootController.swift */,
				9E4DF6C621D3DBE400E28B7C /* SignUpController.swift */,
			);
			path = Controllers;
			sourceTree = "<group>";
		};
		9EEF2A5521B5A1E40027B5EF /* CoreData */ = {
			isa = PBXGroup;
			children = (
				9EEF2A5621B5A2070027B5EF /* CoreDataStack.swift */,
			);
			path = CoreData;
			sourceTree = "<group>";
		};
		B8F3163AE4D093564C16A4A1 /* Pods */ = {
			isa = PBXGroup;
			children = (
				51E140A23DA34FB3774926C8 /* Pods-Diary.debug.xcconfig */,
				853D215392FB53DD841FF026 /* Pods-Diary.release.xcconfig */,
			);
			name = Pods;
			sourceTree = "<group>";
		};
		E7411155CA6B9440C910A966 /* Frameworks */ = {
			isa = PBXGroup;
			children = (
				B261C4718A596040287E54B2 /* Pods_Diary.framework */,
			);
			name = Frameworks;
			sourceTree = "<group>";
		};
/* End PBXGroup section */

/* Begin PBXNativeTarget section */
		76CB698F21A33D8A00D5208E /* Diary */ = {
			isa = PBXNativeTarget;
			buildConfigurationList = 76CB69A521A33D8A00D5208E /* Build configuration list for PBXNativeTarget "Diary" */;
			buildPhases = (
				41D3D5B4D08E1E29B748BBA1 /* [CP] Check Pods Manifest.lock */,
				76CB698C21A33D8A00D5208E /* Sources */,
				76CB698D21A33D8A00D5208E /* Frameworks */,
				76CB698E21A33D8A00D5208E /* Resources */,
				D2D15B7010C5B1C57992633D /* [CP] Embed Pods Frameworks */,
			);
			buildRules = (
			);
			dependencies = (
			);
			name = Diary;
			productName = Diary;
			productReference = 76CB699021A33D8A00D5208E /* Diary.app */;
			productType = "com.apple.product-type.application";
		};
/* End PBXNativeTarget section */

/* Begin PBXProject section */
		76CB698821A33D8A00D5208E /* Project object */ = {
			isa = PBXProject;
			attributes = {
				LastSwiftUpdateCheck = 1000;
				LastUpgradeCheck = 1000;
				ORGANIZATIONNAME = mezzoSoprano;
				TargetAttributes = {
					76CB698F21A33D8A00D5208E = {
						CreatedOnToolsVersion = 10.0;
					};
				};
			};
			buildConfigurationList = 76CB698B21A33D8A00D5208E /* Build configuration list for PBXProject "Diary" */;
			compatibilityVersion = "Xcode 9.3";
			developmentRegion = en;
			hasScannedForEncodings = 0;
			knownRegions = (
				en,
				Base,
			);
			mainGroup = 76CB698721A33D8A00D5208E;
			productRefGroup = 76CB699121A33D8A00D5208E /* Products */;
			projectDirPath = "";
			projectRoot = "";
			targets = (
				76CB698F21A33D8A00D5208E /* Diary */,
			);
		};
/* End PBXProject section */

/* Begin PBXResourcesBuildPhase section */
		76CB698E21A33D8A00D5208E /* Resources */ = {
			isa = PBXResourcesBuildPhase;
			buildActionMask = 2147483647;
			files = (
				76A9E0E921CE3DF400051D61 /* document.json in Resources */,
				9EEF2A5C21B5D76A0027B5EF /* Main.storyboard in Resources */,
				76CB69A121A33D8A00D5208E /* LaunchScreen.storyboard in Resources */,
				76CB699E21A33D8A00D5208E /* Assets.xcassets in Resources */,
			);
			runOnlyForDeploymentPostprocessing = 0;
		};
/* End PBXResourcesBuildPhase section */

/* Begin PBXShellScriptBuildPhase section */
		41D3D5B4D08E1E29B748BBA1 /* [CP] Check Pods Manifest.lock */ = {
			isa = PBXShellScriptBuildPhase;
			buildActionMask = 2147483647;
			files = (
			);
			inputFileListPaths = (
			);
			inputPaths = (
				"${PODS_PODFILE_DIR_PATH}/Podfile.lock",
				"${PODS_ROOT}/Manifest.lock",
			);
			name = "[CP] Check Pods Manifest.lock";
			outputFileListPaths = (
			);
			outputPaths = (
				"$(DERIVED_FILE_DIR)/Pods-Diary-checkManifestLockResult.txt",
			);
			runOnlyForDeploymentPostprocessing = 0;
			shellPath = /bin/sh;
			shellScript = "diff \"${PODS_PODFILE_DIR_PATH}/Podfile.lock\" \"${PODS_ROOT}/Manifest.lock\" > /dev/null\nif [ $? != 0 ] ; then\n    # print error to STDERR\n    echo \"error: The sandbox is not in sync with the Podfile.lock. Run 'pod install' or update your CocoaPods installation.\" >&2\n    exit 1\nfi\n# This output is used by Xcode 'outputs' to avoid re-running this script phase.\necho \"SUCCESS\" > \"${SCRIPT_OUTPUT_FILE_0}\"\n";
			showEnvVarsInLog = 0;
		};
		D2D15B7010C5B1C57992633D /* [CP] Embed Pods Frameworks */ = {
			isa = PBXShellScriptBuildPhase;
			buildActionMask = 2147483647;
			files = (
			);
			inputFileListPaths = (
			);
			inputPaths = (
				"${PODS_ROOT}/Target Support Files/Pods-Diary/Pods-Diary-frameworks.sh",
				"${BUILT_PRODUCTS_DIR}/Alamofire/Alamofire.framework",
				"${BUILT_PRODUCTS_DIR}/KeychainAccess/KeychainAccess.framework",
				"${BUILT_PRODUCTS_DIR}/Locksmith/Locksmith.framework",
			);
			name = "[CP] Embed Pods Frameworks";
			outputFileListPaths = (
			);
			outputPaths = (
				"${TARGET_BUILD_DIR}/${FRAMEWORKS_FOLDER_PATH}/Alamofire.framework",
				"${TARGET_BUILD_DIR}/${FRAMEWORKS_FOLDER_PATH}/KeychainAccess.framework",
				"${TARGET_BUILD_DIR}/${FRAMEWORKS_FOLDER_PATH}/Locksmith.framework",
			);
			runOnlyForDeploymentPostprocessing = 0;
			shellPath = /bin/sh;
			shellScript = "\"${PODS_ROOT}/Target Support Files/Pods-Diary/Pods-Diary-frameworks.sh\"\n";
			showEnvVarsInLog = 0;
		};
/* End PBXShellScriptBuildPhase section */

/* Begin PBXSourcesBuildPhase section */
		76CB698C21A33D8A00D5208E /* Sources */ = {
			isa = PBXSourcesBuildPhase;
			buildActionMask = 2147483647;
			files = (
				76CB699C21A33D8A00D5208E /* Diary.xcdatamodeld in Sources */,
				7605F92821B3285000709DB4 /* Extensions.swift in Sources */,
				9E66DA4D21D0CDCF0084BF17 /* EditingController.swift in Sources */,
				9E66DA4F21D0DF790084BF17 /* RootController.swift in Sources */,
				9E4DF6C521D3949A00E28B7C /* SignUpViewController.swift in Sources */,
				7605F92321B2F95000709DB4 /* DiaryNote.swift in Sources */,
				760EBE0221AB3AFE0095EF42 /* TableViewCell.swift in Sources */,
				9E4DF6C121D11DCD00E28B7C /* PageViewController.swift in Sources */,
				7605F93021B32C1800709DB4 /* DarkTheme.swift in Sources */,
				767385AD21B5F23A00BBA2FC /* RootViewController.swift in Sources */,
				76CB699621A33D8A00D5208E /* ViewController.swift in Sources */,
				9E66DA4721D026450084BF17 /* SettingsController.swift in Sources */,
				7605F92A21B3298200709DB4 /* ThemeProtocol.swift in Sources */,
				9E4DF6C721D3DBE400E28B7C /* SignUpController.swift in Sources */,
				9EEF2A5721B5A2070027B5EF /* CoreDataStack.swift in Sources */,
				9E66DA4921D045E40084BF17 /* MainViewController.swift in Sources */,
				7601A0AC21A4B60000DBF9F0 /* EditingNoteViewController.swift in Sources */,
				9E66DA4B21D0CA860084BF17 /* CreationController.swift in Sources */,
				9E3853D821B4427000269923 /* CollectionViewCell-Layout.swift in Sources */,
				769ED0D621CA4A68004ACC75 /* CodableNote.swift in Sources */,
				76AC7BDE21C93D54008193C4 /* NetworkingService.swift in Sources */,
				76CB699421A33D8A00D5208E /* AppDelegate.swift in Sources */,
				9E4DF6C321D2083300E28B7C /* User.swift in Sources */,
				76CB69AD21A35C2E00D5208E /* CreationViewController.swift in Sources */,
				7605F92E21B32B7300709DB4 /* LightTheme.swift in Sources */,
				7605F91C21B2E62800709DB4 /* SettingsViewController.swift in Sources */,
			);
			runOnlyForDeploymentPostprocessing = 0;
		};
/* End PBXSourcesBuildPhase section */

/* Begin PBXVariantGroup section */
		76CB699F21A33D8A00D5208E /* LaunchScreen.storyboard */ = {
			isa = PBXVariantGroup;
			children = (
				76CB69A021A33D8A00D5208E /* Base */,
			);
			name = LaunchScreen.storyboard;
			sourceTree = "<group>";
		};
/* End PBXVariantGroup section */

/* Begin XCBuildConfiguration section */
		76CB69A321A33D8A00D5208E /* Debug */ = {
			isa = XCBuildConfiguration;
			buildSettings = {
				ALWAYS_SEARCH_USER_PATHS = NO;
				CLANG_ANALYZER_NONNULL = YES;
				CLANG_ANALYZER_NUMBER_OBJECT_CONVERSION = YES_AGGRESSIVE;
				CLANG_CXX_LANGUAGE_STANDARD = "gnu++14";
				CLANG_CXX_LIBRARY = "libc++";
				CLANG_ENABLE_MODULES = YES;
				CLANG_ENABLE_OBJC_ARC = YES;
				CLANG_ENABLE_OBJC_WEAK = YES;
				CLANG_WARN_BLOCK_CAPTURE_AUTORELEASING = YES;
				CLANG_WARN_BOOL_CONVERSION = YES;
				CLANG_WARN_COMMA = YES;
				CLANG_WARN_CONSTANT_CONVERSION = YES;
				CLANG_WARN_DEPRECATED_OBJC_IMPLEMENTATIONS = YES;
				CLANG_WARN_DIRECT_OBJC_ISA_USAGE = YES_ERROR;
				CLANG_WARN_DOCUMENTATION_COMMENTS = YES;
				CLANG_WARN_EMPTY_BODY = YES;
				CLANG_WARN_ENUM_CONVERSION = YES;
				CLANG_WARN_INFINITE_RECURSION = YES;
				CLANG_WARN_INT_CONVERSION = YES;
				CLANG_WARN_NON_LITERAL_NULL_CONVERSION = YES;
				CLANG_WARN_OBJC_IMPLICIT_RETAIN_SELF = YES;
				CLANG_WARN_OBJC_LITERAL_CONVERSION = YES;
				CLANG_WARN_OBJC_ROOT_CLASS = YES_ERROR;
				CLANG_WARN_RANGE_LOOP_ANALYSIS = YES;
				CLANG_WARN_STRICT_PROTOTYPES = YES;
				CLANG_WARN_SUSPICIOUS_MOVE = YES;
				CLANG_WARN_UNGUARDED_AVAILABILITY = YES_AGGRESSIVE;
				CLANG_WARN_UNREACHABLE_CODE = YES;
				CLANG_WARN__DUPLICATE_METHOD_MATCH = YES;
				CODE_SIGN_IDENTITY = "iPhone Developer";
				COPY_PHASE_STRIP = NO;
				DEBUG_INFORMATION_FORMAT = dwarf;
				ENABLE_STRICT_OBJC_MSGSEND = YES;
				ENABLE_TESTABILITY = YES;
				GCC_C_LANGUAGE_STANDARD = gnu11;
				GCC_DYNAMIC_NO_PIC = NO;
				GCC_NO_COMMON_BLOCKS = YES;
				GCC_OPTIMIZATION_LEVEL = 0;
				GCC_PREPROCESSOR_DEFINITIONS = (
					"DEBUG=1",
					"$(inherited)",
				);
				GCC_WARN_64_TO_32_BIT_CONVERSION = YES;
				GCC_WARN_ABOUT_RETURN_TYPE = YES_ERROR;
				GCC_WARN_UNDECLARED_SELECTOR = YES;
				GCC_WARN_UNINITIALIZED_AUTOS = YES_AGGRESSIVE;
				GCC_WARN_UNUSED_FUNCTION = YES;
				GCC_WARN_UNUSED_VARIABLE = YES;
				IPHONEOS_DEPLOYMENT_TARGET = 12.0;
				MTL_ENABLE_DEBUG_INFO = INCLUDE_SOURCE;
				MTL_FAST_MATH = YES;
				ONLY_ACTIVE_ARCH = YES;
				SDKROOT = iphoneos;
				SWIFT_ACTIVE_COMPILATION_CONDITIONS = DEBUG;
				SWIFT_OPTIMIZATION_LEVEL = "-Onone";
			};
			name = Debug;
		};
		76CB69A421A33D8A00D5208E /* Release */ = {
			isa = XCBuildConfiguration;
			buildSettings = {
				ALWAYS_SEARCH_USER_PATHS = NO;
				CLANG_ANALYZER_NONNULL = YES;
				CLANG_ANALYZER_NUMBER_OBJECT_CONVERSION = YES_AGGRESSIVE;
				CLANG_CXX_LANGUAGE_STANDARD = "gnu++14";
				CLANG_CXX_LIBRARY = "libc++";
				CLANG_ENABLE_MODULES = YES;
				CLANG_ENABLE_OBJC_ARC = YES;
				CLANG_ENABLE_OBJC_WEAK = YES;
				CLANG_WARN_BLOCK_CAPTURE_AUTORELEASING = YES;
				CLANG_WARN_BOOL_CONVERSION = YES;
				CLANG_WARN_COMMA = YES;
				CLANG_WARN_CONSTANT_CONVERSION = YES;
				CLANG_WARN_DEPRECATED_OBJC_IMPLEMENTATIONS = YES;
				CLANG_WARN_DIRECT_OBJC_ISA_USAGE = YES_ERROR;
				CLANG_WARN_DOCUMENTATION_COMMENTS = YES;
				CLANG_WARN_EMPTY_BODY = YES;
				CLANG_WARN_ENUM_CONVERSION = YES;
				CLANG_WARN_INFINITE_RECURSION = YES;
				CLANG_WARN_INT_CONVERSION = YES;
				CLANG_WARN_NON_LITERAL_NULL_CONVERSION = YES;
				CLANG_WARN_OBJC_IMPLICIT_RETAIN_SELF = YES;
				CLANG_WARN_OBJC_LITERAL_CONVERSION = YES;
				CLANG_WARN_OBJC_ROOT_CLASS = YES_ERROR;
				CLANG_WARN_RANGE_LOOP_ANALYSIS = YES;
				CLANG_WARN_STRICT_PROTOTYPES = YES;
				CLANG_WARN_SUSPICIOUS_MOVE = YES;
				CLANG_WARN_UNGUARDED_AVAILABILITY = YES_AGGRESSIVE;
				CLANG_WARN_UNREACHABLE_CODE = YES;
				CLANG_WARN__DUPLICATE_METHOD_MATCH = YES;
				CODE_SIGN_IDENTITY = "iPhone Developer";
				COPY_PHASE_STRIP = NO;
				DEBUG_INFORMATION_FORMAT = "dwarf-with-dsym";
				ENABLE_NS_ASSERTIONS = NO;
				ENABLE_STRICT_OBJC_MSGSEND = YES;
				GCC_C_LANGUAGE_STANDARD = gnu11;
				GCC_NO_COMMON_BLOCKS = YES;
				GCC_WARN_64_TO_32_BIT_CONVERSION = YES;
				GCC_WARN_ABOUT_RETURN_TYPE = YES_ERROR;
				GCC_WARN_UNDECLARED_SELECTOR = YES;
				GCC_WARN_UNINITIALIZED_AUTOS = YES_AGGRESSIVE;
				GCC_WARN_UNUSED_FUNCTION = YES;
				GCC_WARN_UNUSED_VARIABLE = YES;
				IPHONEOS_DEPLOYMENT_TARGET = 12.0;
				MTL_ENABLE_DEBUG_INFO = NO;
				MTL_FAST_MATH = YES;
				SDKROOT = iphoneos;
				SWIFT_COMPILATION_MODE = wholemodule;
				SWIFT_OPTIMIZATION_LEVEL = "-O";
				VALIDATE_PRODUCT = YES;
			};
			name = Release;
		};
		76CB69A621A33D8A00D5208E /* Debug */ = {
			isa = XCBuildConfiguration;
			baseConfigurationReference = 51E140A23DA34FB3774926C8 /* Pods-Diary.debug.xcconfig */;
			buildSettings = {
				ASSETCATALOG_COMPILER_APPICON_NAME = AppIcon;
				CODE_SIGN_STYLE = Automatic;
				DEVELOPMENT_TEAM = MDC5DNJKVL;
				INFOPLIST_FILE = Diary/Info.plist;
				LD_RUNPATH_SEARCH_PATHS = (
					"$(inherited)",
					"@executable_path/Frameworks",
				);
				PRODUCT_BUNDLE_IDENTIFIER = "com.lits-ios-course.Diary";
				PRODUCT_NAME = "$(TARGET_NAME)";
				SWIFT_VERSION = 4.2;
				TARGETED_DEVICE_FAMILY = "1,2";
			};
			name = Debug;
		};
		76CB69A721A33D8A00D5208E /* Release */ = {
			isa = XCBuildConfiguration;
			baseConfigurationReference = 853D215392FB53DD841FF026 /* Pods-Diary.release.xcconfig */;
			buildSettings = {
				ASSETCATALOG_COMPILER_APPICON_NAME = AppIcon;
				CODE_SIGN_STYLE = Automatic;
				DEVELOPMENT_TEAM = MDC5DNJKVL;
				INFOPLIST_FILE = Diary/Info.plist;
				LD_RUNPATH_SEARCH_PATHS = (
					"$(inherited)",
					"@executable_path/Frameworks",
				);
				PRODUCT_BUNDLE_IDENTIFIER = "com.lits-ios-course.Diary";
				PRODUCT_NAME = "$(TARGET_NAME)";
				SWIFT_VERSION = 4.2;
				TARGETED_DEVICE_FAMILY = "1,2";
			};
			name = Release;
		};
/* End XCBuildConfiguration section */

/* Begin XCConfigurationList section */
		76CB698B21A33D8A00D5208E /* Build configuration list for PBXProject "Diary" */ = {
			isa = XCConfigurationList;
			buildConfigurations = (
				76CB69A321A33D8A00D5208E /* Debug */,
				76CB69A421A33D8A00D5208E /* Release */,
			);
			defaultConfigurationIsVisible = 0;
			defaultConfigurationName = Release;
		};
		76CB69A521A33D8A00D5208E /* Build configuration list for PBXNativeTarget "Diary" */ = {
			isa = XCConfigurationList;
			buildConfigurations = (
				76CB69A621A33D8A00D5208E /* Debug */,
				76CB69A721A33D8A00D5208E /* Release */,
			);
			defaultConfigurationIsVisible = 0;
			defaultConfigurationName = Release;
		};
/* End XCConfigurationList section */

/* Begin XCVersionGroup section */
		76CB699A21A33D8A00D5208E /* Diary.xcdatamodeld */ = {
			isa = XCVersionGroup;
			children = (
				76CB699B21A33D8A00D5208E /* Diary.xcdatamodel */,
			);
			currentVersion = 76CB699B21A33D8A00D5208E /* Diary.xcdatamodel */;
			path = Diary.xcdatamodeld;
			sourceTree = "<group>";
			versionGroupType = wrapper.xcdatamodel;
		};
/* End XCVersionGroup section */
	};
	rootObject = 76CB698821A33D8A00D5208E /* Project object */;
}
